
Microsoft Visual Studio Solution File, Format Version 12.00
# Visual Studio Version 17
VisualStudioVersion = 17.6.33815.320
MinimumVisualStudioVersion = 10.0.40219.1
Project("{FAE04EC0-301F-11D3-BF4B-00C04F79EFBC}") = "IteratorsAndComparators", "IteratorsAndComparators\IteratorsAndComparators.csproj", "{0902131F-2401-4A69-9005-B6E2A8A86E3E}"
EndProject
Global
	GlobalSection(SolutionConfigurationPlatforms) = preSolution
		Debug|Any CPU = Debug|Any CPU
		Release|Any CPU = Release|Any CPU
	EndGlobalSection
	GlobalSection(ProjectConfigurationPlatforms) = postSolution
		{0902131F-2401-4A69-9005-B6E2A8A86E3E}.Debug|Any CPU.ActiveCfg = Debug|Any CPU
		{0902131F-2401-4A69-9005-B6E2A8A86E3E}.Debug|Any CPU.Build.0 = Debug|Any CPU
		{0902131F-2401-4A69-9005-B6E2A8A86E3E}.Release|Any CPU.ActiveCfg = Release|Any CPU
		{0902131F-2401-4A69-9005-B6E2A8A86E3E}.Release|Any CPU.Build.0 = Release|Any CPU
	EndGlobalSection
	GlobalSection(SolutionProperties) = preSolution
		HideSolutionNode = FALSE
	EndGlobalSection
	GlobalSection(ExtensibilityGlobals) = postSolution
		SolutionGuid = {7F0D3CFF-28BE-4537-898F-A88D38115D7C}
	EndGlobalSection
EndGlobal
