
Microsoft Visual Studio Solution File, Format Version 12.00
# Visual Studio Version 17
VisualStudioVersion = 17.6.33815.320
MinimumVisualStudioVersion = 10.0.40219.1
Project("{9A19103F-16F7-4668-BE54-9A1E7A4F7556}") = "00. Demo", "00. Demo\00. Demo.csproj", "{B9342CBF-1366-4D31-8284-ADCDC0185DD4}"
EndProject
Project("{9A19103F-16F7-4668-BE54-9A1E7A4F7556}") = "CarManufacturer", "CarManufacturer\CarManufacturer.csproj", "{AE9DC89C-03A0-49CF-AD6C-51D79DB2674C}"
EndProject
Global
	GlobalSection(SolutionConfigurationPlatforms) = preSolution
		Debug|Any CPU = Debug|Any CPU
		Release|Any CPU = Release|Any CPU
	EndGlobalSection
	GlobalSection(ProjectConfigurationPlatforms) = postSolution
		{B9342CBF-1366-4D31-8284-ADCDC0185DD4}.Debug|Any CPU.ActiveCfg = Debug|Any CPU
		{B9342CBF-1366-4D31-8284-ADCDC0185DD4}.Debug|Any CPU.Build.0 = Debug|Any CPU
		{B9342CBF-1366-4D31-8284-ADCDC0185DD4}.Release|Any CPU.ActiveCfg = Release|Any CPU
		{B9342CBF-1366-4D31-8284-ADCDC0185DD4}.Release|Any CPU.Build.0 = Release|Any CPU
		{AE9DC89C-03A0-49CF-AD6C-51D79DB2674C}.Debug|Any CPU.ActiveCfg = Debug|Any CPU
		{AE9DC89C-03A0-49CF-AD6C-51D79DB2674C}.Debug|Any CPU.Build.0 = Debug|Any CPU
		{AE9DC89C-03A0-49CF-AD6C-51D79DB2674C}.Release|Any CPU.ActiveCfg = Release|Any CPU
		{AE9DC89C-03A0-49CF-AD6C-51D79DB2674C}.Release|Any CPU.Build.0 = Release|Any CPU
	EndGlobalSection
	GlobalSection(SolutionProperties) = preSolution
		HideSolutionNode = FALSE
	EndGlobalSection
	GlobalSection(ExtensibilityGlobals) = postSolution
		SolutionGuid = {F68F95E5-39C6-4CAE-8AF4-E29890687E11}
	EndGlobalSection
EndGlobal
