
Microsoft Visual Studio Solution File, Format Version 12.00
# Visual Studio Version 17
VisualStudioVersion = 17.6.33815.320
MinimumVisualStudioVersion = 10.0.40219.1
Project("{FAE04EC0-301F-11D3-BF4B-00C04F79EFBC}") = "01. Sort Even Numbers", "01. Sort Even Numbers\01. Sort Even Numbers.csproj", "{62804398-4400-4B7E-876C-AF8424A20F7A}"
EndProject
Project("{FAE04EC0-301F-11D3-BF4B-00C04F79EFBC}") = "02. Sum Numbers", "02. Sum Numbers\02. Sum Numbers.csproj", "{CAE63F7D-5717-47AE-93B0-0B5B8AB3A90B}"
EndProject
Project("{FAE04EC0-301F-11D3-BF4B-00C04F79EFBC}") = "03. Count Uppercase Words", "03. Count Uppercase Words\03. Count Uppercase Words.csproj", "{A1D02F69-3A5E-4155-A31C-E326579D4857}"
EndProject
Project("{FAE04EC0-301F-11D3-BF4B-00C04F79EFBC}") = "04. Add VAT", "04. Add VAT\04. Add VAT.csproj", "{2892A3AD-C9DB-4EA4-A633-D339BBB87454}"
EndProject
Project("{FAE04EC0-301F-11D3-BF4B-00C04F79EFBC}") = "05. Filter By Age", "05. Filter By Age\05. Filter By Age.csproj", "{6F4E26DB-7888-4745-A558-EC673D461A93}"
EndProject
Global
	GlobalSection(SolutionConfigurationPlatforms) = preSolution
		Debug|Any CPU = Debug|Any CPU
		Release|Any CPU = Release|Any CPU
	EndGlobalSection
	GlobalSection(ProjectConfigurationPlatforms) = postSolution
		{62804398-4400-4B7E-876C-AF8424A20F7A}.Debug|Any CPU.ActiveCfg = Debug|Any CPU
		{62804398-4400-4B7E-876C-AF8424A20F7A}.Debug|Any CPU.Build.0 = Debug|Any CPU
		{62804398-4400-4B7E-876C-AF8424A20F7A}.Release|Any CPU.ActiveCfg = Release|Any CPU
		{62804398-4400-4B7E-876C-AF8424A20F7A}.Release|Any CPU.Build.0 = Release|Any CPU
		{CAE63F7D-5717-47AE-93B0-0B5B8AB3A90B}.Debug|Any CPU.ActiveCfg = Debug|Any CPU
		{CAE63F7D-5717-47AE-93B0-0B5B8AB3A90B}.Debug|Any CPU.Build.0 = Debug|Any CPU
		{CAE63F7D-5717-47AE-93B0-0B5B8AB3A90B}.Release|Any CPU.ActiveCfg = Release|Any CPU
		{CAE63F7D-5717-47AE-93B0-0B5B8AB3A90B}.Release|Any CPU.Build.0 = Release|Any CPU
		{A1D02F69-3A5E-4155-A31C-E326579D4857}.Debug|Any CPU.ActiveCfg = Debug|Any CPU
		{A1D02F69-3A5E-4155-A31C-E326579D4857}.Debug|Any CPU.Build.0 = Debug|Any CPU
		{A1D02F69-3A5E-4155-A31C-E326579D4857}.Release|Any CPU.ActiveCfg = Release|Any CPU
		{A1D02F69-3A5E-4155-A31C-E326579D4857}.Release|Any CPU.Build.0 = Release|Any CPU
		{2892A3AD-C9DB-4EA4-A633-D339BBB87454}.Debug|Any CPU.ActiveCfg = Debug|Any CPU
		{2892A3AD-C9DB-4EA4-A633-D339BBB87454}.Debug|Any CPU.Build.0 = Debug|Any CPU
		{2892A3AD-C9DB-4EA4-A633-D339BBB87454}.Release|Any CPU.ActiveCfg = Release|Any CPU
		{2892A3AD-C9DB-4EA4-A633-D339BBB87454}.Release|Any CPU.Build.0 = Release|Any CPU
		{6F4E26DB-7888-4745-A558-EC673D461A93}.Debug|Any CPU.ActiveCfg = Debug|Any CPU
		{6F4E26DB-7888-4745-A558-EC673D461A93}.Debug|Any CPU.Build.0 = Debug|Any CPU
		{6F4E26DB-7888-4745-A558-EC673D461A93}.Release|Any CPU.ActiveCfg = Release|Any CPU
		{6F4E26DB-7888-4745-A558-EC673D461A93}.Release|Any CPU.Build.0 = Release|Any CPU
	EndGlobalSection
	GlobalSection(SolutionProperties) = preSolution
		HideSolutionNode = FALSE
	EndGlobalSection
	GlobalSection(ExtensibilityGlobals) = postSolution
		SolutionGuid = {54858C8B-AFA3-4CDB-8F4F-30FBA24BD52C}
	EndGlobalSection
EndGlobal
