
Microsoft Visual Studio Solution File, Format Version 12.00
# Visual Studio Version 17
VisualStudioVersion = 17.6.33815.320
MinimumVisualStudioVersion = 10.0.40219.1
Project("{9A19103F-16F7-4668-BE54-9A1E7A4F7556}") = "01.TempleOfDoom", "01.TempleOfDoom\01.TempleOfDoom.csproj", "{925F9567-7985-4D45-995F-419C0C92652F}"
EndProject
Project("{9A19103F-16F7-4668-BE54-9A1E7A4F7556}") = "02.MouseInTheKitchen", "02.MouseInTheKitchen\02.MouseInTheKitchen.csproj", "{C1EF2714-C375-4C8D-9A5E-BDF18CC891E9}"
EndProject
Project("{9A19103F-16F7-4668-BE54-9A1E7A4F7556}") = "AutomotiveRepairShop", "..\..\..\..\Downloads\AutomotiveRepairShop\AutomotiveRepairShop\AutomotiveRepairShop.csproj", "{8E195321-A528-4903-B9DA-1C53695A57B5}"
EndProject
Project("{FAE04EC0-301F-11D3-BF4B-00C04F79EFBC}") = "MonsterExtermination", "MonsterExtermination\MonsterExtermination.csproj", "{A00A5F0F-79B5-4C62-8EFE-B411B6A73E81}"
EndProject
Project("{FAE04EC0-301F-11D3-BF4B-00C04F79EFBC}") = "DeliveryBoy", "DeliveryBoy\DeliveryBoy.csproj", "{8D5618D8-D814-4387-B9FA-937CB42B4041}"
EndProject
Global
	GlobalSection(SolutionConfigurationPlatforms) = preSolution
		Debug|Any CPU = Debug|Any CPU
		Release|Any CPU = Release|Any CPU
	EndGlobalSection
	GlobalSection(ProjectConfigurationPlatforms) = postSolution
		{925F9567-7985-4D45-995F-419C0C92652F}.Debug|Any CPU.ActiveCfg = Debug|Any CPU
		{925F9567-7985-4D45-995F-419C0C92652F}.Debug|Any CPU.Build.0 = Debug|Any CPU
		{925F9567-7985-4D45-995F-419C0C92652F}.Release|Any CPU.ActiveCfg = Release|Any CPU
		{925F9567-7985-4D45-995F-419C0C92652F}.Release|Any CPU.Build.0 = Release|Any CPU
		{C1EF2714-C375-4C8D-9A5E-BDF18CC891E9}.Debug|Any CPU.ActiveCfg = Debug|Any CPU
		{C1EF2714-C375-4C8D-9A5E-BDF18CC891E9}.Debug|Any CPU.Build.0 = Debug|Any CPU
		{C1EF2714-C375-4C8D-9A5E-BDF18CC891E9}.Release|Any CPU.ActiveCfg = Release|Any CPU
		{C1EF2714-C375-4C8D-9A5E-BDF18CC891E9}.Release|Any CPU.Build.0 = Release|Any CPU
		{8E195321-A528-4903-B9DA-1C53695A57B5}.Debug|Any CPU.ActiveCfg = Debug|Any CPU
		{8E195321-A528-4903-B9DA-1C53695A57B5}.Debug|Any CPU.Build.0 = Debug|Any CPU
		{8E195321-A528-4903-B9DA-1C53695A57B5}.Release|Any CPU.ActiveCfg = Release|Any CPU
		{8E195321-A528-4903-B9DA-1C53695A57B5}.Release|Any CPU.Build.0 = Release|Any CPU
		{A00A5F0F-79B5-4C62-8EFE-B411B6A73E81}.Debug|Any CPU.ActiveCfg = Debug|Any CPU
		{A00A5F0F-79B5-4C62-8EFE-B411B6A73E81}.Debug|Any CPU.Build.0 = Debug|Any CPU
		{A00A5F0F-79B5-4C62-8EFE-B411B6A73E81}.Release|Any CPU.ActiveCfg = Release|Any CPU
		{A00A5F0F-79B5-4C62-8EFE-B411B6A73E81}.Release|Any CPU.Build.0 = Release|Any CPU
		{8D5618D8-D814-4387-B9FA-937CB42B4041}.Debug|Any CPU.ActiveCfg = Debug|Any CPU
		{8D5618D8-D814-4387-B9FA-937CB42B4041}.Debug|Any CPU.Build.0 = Debug|Any CPU
		{8D5618D8-D814-4387-B9FA-937CB42B4041}.Release|Any CPU.ActiveCfg = Release|Any CPU
		{8D5618D8-D814-4387-B9FA-937CB42B4041}.Release|Any CPU.Build.0 = Release|Any CPU
	EndGlobalSection
	GlobalSection(SolutionProperties) = preSolution
		HideSolutionNode = FALSE
	EndGlobalSection
	GlobalSection(ExtensibilityGlobals) = postSolution
		SolutionGuid = {739A9C1F-2937-4393-AABD-0640D8BDE63F}
	EndGlobalSection
EndGlobal
