
Microsoft Visual Studio Solution File, Format Version 12.00
# Visual Studio Version 17
VisualStudioVersion = 17.6.33815.320
MinimumVisualStudioVersion = 10.0.40219.1
Project("{FAE04EC0-301F-11D3-BF4B-00C04F79EFBC}") = "01. Odd Lines", "01. Odd Lines\01. Odd Lines.csproj", "{8A0B572A-81A6-4655-8238-DED87146AA60}"
EndProject
Global
	GlobalSection(SolutionConfigurationPlatforms) = preSolution
		Debug|Any CPU = Debug|Any CPU
		Release|Any CPU = Release|Any CPU
	EndGlobalSection
	GlobalSection(ProjectConfigurationPlatforms) = postSolution
		{8A0B572A-81A6-4655-8238-DED87146AA60}.Debug|Any CPU.ActiveCfg = Debug|Any CPU
		{8A0B572A-81A6-4655-8238-DED87146AA60}.Debug|Any CPU.Build.0 = Debug|Any CPU
		{8A0B572A-81A6-4655-8238-DED87146AA60}.Release|Any CPU.ActiveCfg = Release|Any CPU
		{8A0B572A-81A6-4655-8238-DED87146AA60}.Release|Any CPU.Build.0 = Release|Any CPU
	EndGlobalSection
	GlobalSection(SolutionProperties) = preSolution
		HideSolutionNode = FALSE
	EndGlobalSection
	GlobalSection(ExtensibilityGlobals) = postSolution
		SolutionGuid = {B8C97F76-8A33-4AEB-85D1-19CC12246080}
	EndGlobalSection
EndGlobal
